{
  "name": "easter-egg",
  "version": "1.0.0",
  "lockfileVersion": 3,
  "requires": true,
  "packages": {
    "": {
      "name": "easter-egg",
      "version": "1.0.0",
      "license": "ISC",
      "dependencies": {
        "two.js": "^0.8.12"
      }
    },
    "node_modules/two.js": {
      "version": "0.8.17",
      "resolved": "https://registry.npmjs.org/two.js/-/two.js-0.8.17.tgz",
      "integrity": "sha512-5jcW1lK6WIoSJ8aNG3/hu6PEAIv1KrW7eD/tlh/2k/XCXSmqLJypxRMs67DtlOKBHUqFH8Z+RZK/+MmTUbjOxQ==",
      "license": "MIT"
    }
  }
}
